// !$*UTF8*$!
{
	archiveVersion = 1;
	classes = {
	};
	objectVersion = 50;
	objects = {

/* Begin PBXBuildFile section */
		7FCAE1B32401A432003918AB /* AppDelegate.swift in Sources */ = {isa = PBXBuildFile; fileRef = 7FCAE1B22401A432003918AB /* AppDelegate.swift */; };
		7FCAE1B52401A432003918AB /* SceneDelegate.swift in Sources */ = {isa = PBXBuildFile; fileRef = 7FCAE1B42401A432003918AB /* SceneDelegate.swift */; };
		7FCAE1B72401A432003918AB /* ContentView.swift in Sources */ = {isa = PBXBuildFile; fileRef = 7FCAE1B62401A432003918AB /* ContentView.swift */; };
		7FCAE1B92401A435003918AB /* Assets.xcassets in Resources */ = {isa = PBXBuildFile; fileRef = 7FCAE1B82401A435003918AB /* Assets.xcassets */; };
		7FCAE1BC2401A435003918AB /* Preview Assets.xcassets in Resources */ = {isa = PBXBuildFile; fileRef = 7FCAE1BB2401A435003918AB /* Preview Assets.xcassets */; };
		7FCAE1BF2401A435003918AB /* LaunchScreen.storyboard in Resources */ = {isa = PBXBuildFile; fileRef = 7FCAE1BD2401A435003918AB /* LaunchScreen.storyboard */; };
/* End PBXBuildFile section */

/* Begin PBXFileReference section */
		7FCAE1AF2401A432003918AB /* TipCalculatorApp.app */ = {isa = PBXFileReference; explicitFileType = wrapper.application; includeInIndex = 0; path = TipCalculatorApp.app; sourceTree = BUILT_PRODUCTS_DIR; };
		7FCAE1B22401A432003918AB /* AppDelegate.swift */ = {isa = PBXFileReference; lastKnownFileType = sourcecode.swift; path = AppDelegate.swift; sourceTree = "<group>"; };
		7FCAE1B42401A432003918AB /* SceneDelegate.swift */ = {isa = PBXFileReference; lastKnownFileType = sourcecode.swift; path = SceneDelegate.swift; sourceTree = "<group>"; };
		7FCAE1B62401A432003918AB /* ContentView.swift */ = {isa = PBXFileReference; lastKnownFileType = sourcecode.swift; path = ContentView.swift; sourceTree = "<group>"; };
		7FCAE1B82401A435003918AB /* Assets.xcassets */ = {isa = PBXFileReference; lastKnownFileType = folder.assetcatalog; path = Assets.xcassets; sourceTree = "<group>"; };
		7FCAE1BB2401A435003918AB /* Preview Assets.xcassets */ = {isa = PBXFileReference; lastKnownFileType = folder.assetcatalog; path = "Preview Assets.xcassets"; sourceTree = "<group>"; };
		7FCAE1BE2401A435003918AB /* Base */ = {isa = PBXFileReference; lastKnownFileType = file.storyboard; name = Base; path = Base.lproj/LaunchScreen.storyboard; sourceTree = "<group>"; };
		7FCAE1C02401A435003918AB /* Info.plist */ = {isa = PBXFileReference; lastKnownFileType = text.plist.xml; path = Info.plist; sourceTree = "<group>"; };
/* End PBXFileReference section */

/* Begin PBXFrameworksBuildPhase section */
		7FCAE1AC2401A432003918AB /* Frameworks */ = {
			isa = PBXFrameworksBuildPhase;
			buildActionMask = 2147483647;
			files = (
			);
			runOnlyForDeploymentPostprocessing = 0;
		};
/* End PBXFrameworksBuildPhase section */

/* Begin PBXGroup section */
		7FCAE1A62401A432003918AB = {
			isa = PBXGroup;
			children = (
				7FCAE1B12401A432003918AB /* TipCalculatorApp */,
				7FCAE1B02401A432003918AB /* Products */,
			);
			sourceTree = "<group>";
		};
		7FCAE1B02401A432003918AB /* Products */ = {
			isa = PBXGroup;
			children = (
				7FCAE1AF2401A432003918AB /* TipCalculatorApp.app */,
			);
			name = Products;
			sourceTree = "<group>";
		};
		7FCAE1B12401A432003918AB /* TipCalculatorApp */ = {
			isa = PBXGroup;
			children = (
				7FCAE1B22401A432003918AB /* AppDelegate.swift */,
				7FCAE1B42401A432003918AB /* SceneDelegate.swift */,
				7FCAE1B62401A432003918AB /* ContentView.swift */,
				7FCAE1B82401A435003918AB /* Assets.xcassets */,
				7FCAE1BD2401A435003918AB /* LaunchScreen.storyboard */,
				7FCAE1C02401A435003918AB /* Info.plist */,
				7FCAE1BA2401A435003918AB /* Preview Content */,
			);
			path = TipCalculatorApp;
			sourceTree = "<group>";
		};
		7FCAE1BA2401A435003918AB /* Preview Content */ = {
			isa = PBXGroup;
			children = (
				7FCAE1BB2401A435003918AB /* Preview Assets.xcassets */,
			);
			path = "Preview Content";
			sourceTree = "<group>";
		};
/* End PBXGroup section */

/* Begin PBXNativeTarget section */
		7FCAE1AE2401A432003918AB /* TipCalculatorApp */ = {
			isa = PBXNativeTarget;
			buildConfigurationList = 7FCAE1C32401A435003918AB /* Build configuration list for PBXNativeTarget "TipCalculatorApp" */;
			buildPhases = (
				7FCAE1AB2401A432003918AB /* Sources */,
				7FCAE1AC2401A432003918AB /* Frameworks */,
				7FCAE1AD2401A432003918AB /* Resources */,
			);
			buildRules = (
			);
			dependencies = (
			);
			name = TipCalculatorApp;
			productName = TipCalculatorApp;
			productReference = 7FCAE1AF2401A432003918AB /* TipCalculatorApp.app */;
			productType = "com.apple.product-type.application";
		};
/* End PBXNativeTarget section */

/* Begin PBXProject section */
		7FCAE1A72401A432003918AB /* Project object */ = {
			isa = PBXProject;
			attributes = {
				LastSwiftUpdateCheck = 1120;
				LastUpgradeCheck = 1120;
				ORGANIZATIONNAME = isctorres;
				TargetAttributes = {
					7FCAE1AE2401A432003918AB = {
						CreatedOnToolsVersion = 11.2.1;
					};
				};
			};
			buildConfigurationList = 7FCAE1AA2401A432003918AB /* Build configuration list for PBXProject "TipCalculatorApp" */;
			compatibilityVersion = "Xcode 9.3";
			developmentRegion = en;
			hasScannedForEncodings = 0;
			knownRegions = (
				en,
				Base,
			);
			mainGroup = 7FCAE1A62401A432003918AB;
			productRefGroup = 7FCAE1B02401A432003918AB /* Products */;
			projectDirPath = "";
			projectRoot = "";
			targets = (
				7FCAE1AE2401A432003918AB /* TipCalculatorApp */,
			);
		};
/* End PBXProject section */

/* Begin PBXResourcesBuildPhase section */
		7FCAE1AD2401A432003918AB /* Resources */ = {
			isa = PBXResourcesBuildPhase;
			buildActionMask = 2147483647;
			files = (
				7FCAE1BF2401A435003918AB /* LaunchScreen.storyboard in Resources */,
				7FCAE1BC2401A435003918AB /* Preview Assets.xcassets in Resources */,
				7FCAE1B92401A435003918AB /* Assets.xcassets in Resources */,
			);
			runOnlyForDeploymentPostprocessing = 0;
		};
/* End PBXResourcesBuildPhase section */

/* Begin PBXSourcesBuildPhase section */
		7FCAE1AB2401A432003918AB /* Sources */ = {
			isa = PBXSourcesBuildPhase;
			buildActionMask = 2147483647;
			files = (
				7FCAE1B32401A432003918AB /* AppDelegate.swift in Sources */,
				7FCAE1B52401A432003918AB /* SceneDelegate.swift in Sources */,
				7FCAE1B72401A432003918AB /* ContentView.swift in Sources */,
			);
			runOnlyForDeploymentPostprocessing = 0;
		};
/* End PBXSourcesBuildPhase section */

/* Begin PBXVariantGroup section */
		7FCAE1BD2401A435003918AB /* LaunchScreen.storyboard */ = {
			isa = PBXVariantGroup;
			children = (
				7FCAE1BE2401A435003918AB /* Base */,
			);
			name = LaunchScreen.storyboard;
			sourceTree = "<group>";
		};
/* End PBXVariantGroup section */

/* Begin XCBuildConfiguration section */
		7FCAE1C12401A435003918AB /* Debug */ = {
			isa = XCBuildConfiguration;
			buildSettings = {
				ALWAYS_SEARCH_USER_PATHS = NO;
				CLANG_ANALYZER_NONNULL = YES;
				CLANG_ANALYZER_NUMBER_OBJECT_CONVERSION = YES_AGGRESSIVE;
				CLANG_CXX_LANGUAGE_STANDARD = "gnu++14";
				CLANG_CXX_LIBRARY = "libc++";
				CLANG_ENABLE_MODULES = YES;
				CLANG_ENABLE_OBJC_ARC = YES;
				CLANG_ENABLE_OBJC_WEAK = YES;
				CLANG_WARN_BLOCK_CAPTURE_AUTORELEASING = YES;
				CLANG_WARN_BOOL_CONVERSION = YES;
				CLANG_WARN_COMMA = YES;
				CLANG_WARN_CONSTANT_CONVERSION = YES;
				CLANG_WARN_DEPRECATED_OBJC_IMPLEMENTATIONS = YES;
				CLANG_WARN_DIRECT_OBJC_ISA_USAGE = YES_ERROR;
				CLANG_WARN_DOCUMENTATION_COMMENTS = YES;
				CLANG_WARN_EMPTY_BODY = YES;
				CLANG_WARN_ENUM_CONVERSION = YES;
				CLANG_WARN_INFINITE_RECURSION = YES;
				CLANG_WARN_INT_CONVERSION = YES;
				CLANG_WARN_NON_LITERAL_NULL_CONVERSION = YES;
				CLANG_WARN_OBJC_IMPLICIT_RETAIN_SELF = YES;
				CLANG_WARN_OBJC_LITERAL_CONVERSION = YES;
				CLANG_WARN_OBJC_ROOT_CLASS = YES_ERROR;
				CLANG_WARN_RANGE_LOOP_ANALYSIS = YES;
				CLANG_WARN_STRICT_PROTOTYPES = YES;
				CLANG_WARN_SUSPICIOUS_MOVE = YES;
				CLANG_WARN_UNGUARDED_AVAILABILITY = YES_AGGRESSIVE;
				CLANG_WARN_UNREACHABLE_CODE = YES;
				CLANG_WARN__DUPLICATE_METHOD_MATCH = YES;
				COPY_PHASE_STRIP = NO;
				DEBUG_INFORMATION_FORMAT = dwarf;
				ENABLE_STRICT_OBJC_MSGSEND = YES;
				ENABLE_TESTABILITY = YES;
				GCC_C_LANGUAGE_STANDARD = gnu11;
				GCC_DYNAMIC_NO_PIC = NO;
				GCC_NO_COMMON_BLOCKS = YES;
				GCC_OPTIMIZATION_LEVEL = 0;
				GCC_PREPROCESSOR_DEFINITIONS = (
					"DEBUG=1",
					"$(inherited)",
				);
				GCC_WARN_64_TO_32_BIT_CONVERSION = YES;
				GCC_WARN_ABOUT_RETURN_TYPE = YES_ERROR;
				GCC_WARN_UNDECLARED_SELECTOR = YES;
				GCC_WARN_UNINITIALIZED_AUTOS = YES_AGGRESSIVE;
				GCC_WARN_UNUSED_FUNCTION = YES;
				GCC_WARN_UNUSED_VARIABLE = YES;
				IPHONEOS_DEPLOYMENT_TARGET = 13.2;
				MTL_ENABLE_DEBUG_INFO = INCLUDE_SOURCE;
				MTL_FAST_MATH = YES;
				ONLY_ACTIVE_ARCH = YES;
				SDKROOT = iphoneos;
				SWIFT_ACTIVE_COMPILATION_CONDITIONS = DEBUG;
				SWIFT_OPTIMIZATION_LEVEL = "-Onone";
			};
			name = Debug;
		};
		7FCAE1C22401A435003918AB /* Release */ = {
			isa = XCBuildConfiguration;
			buildSettings = {
				ALWAYS_SEARCH_USER_PATHS = NO;
				CLANG_ANALYZER_NONNULL = YES;
				CLANG_ANALYZER_NUMBER_OBJECT_CONVERSION = YES_AGGRESSIVE;
				CLANG_CXX_LANGUAGE_STANDARD = "gnu++14";
				CLANG_CXX_LIBRARY = "libc++";
				CLANG_ENABLE_MODULES = YES;
				CLANG_ENABLE_OBJC_ARC = YES;
				CLANG_ENABLE_OBJC_WEAK = YES;
				CLANG_WARN_BLOCK_CAPTURE_AUTORELEASING = YES;
				CLANG_WARN_BOOL_CONVERSION = YES;
				CLANG_WARN_COMMA = YES;
				CLANG_WARN_CONSTANT_CONVERSION = YES;
				CLANG_WARN_DEPRECATED_OBJC_IMPLEMENTATIONS = YES;
				CLANG_WARN_DIRECT_OBJC_ISA_USAGE = YES_ERROR;
				CLANG_WARN_DOCUMENTATION_COMMENTS = YES;
				CLANG_WARN_EMPTY_BODY = YES;
				CLANG_WARN_ENUM_CONVERSION = YES;
				CLANG_WARN_INFINITE_RECURSION = YES;
				CLANG_WARN_INT_CONVERSION = YES;
				CLANG_WARN_NON_LITERAL_NULL_CONVERSION = YES;
				CLANG_WARN_OBJC_IMPLICIT_RETAIN_SELF = YES;
				CLANG_WARN_OBJC_LITERAL_CONVERSION = YES;
				CLANG_WARN_OBJC_ROOT_CLASS = YES_ERROR;
				CLANG_WARN_RANGE_LOOP_ANALYSIS = YES;
				CLANG_WARN_STRICT_PROTOTYPES = YES;
				CLANG_WARN_SUSPICIOUS_MOVE = YES;
				CLANG_WARN_UNGUARDED_AVAILABILITY = YES_AGGRESSIVE;
				CLANG_WARN_UNREACHABLE_CODE = YES;
				CLANG_WARN__DUPLICATE_METHOD_MATCH = YES;
				COPY_PHASE_STRIP = NO;
				DEBUG_INFORMATION_FORMAT = "dwarf-with-dsym";
				ENABLE_NS_ASSERTIONS = NO;
				ENABLE_STRICT_OBJC_MSGSEND = YES;
				GCC_C_LANGUAGE_STANDARD = gnu11;
				GCC_NO_COMMON_BLOCKS = YES;
				GCC_WARN_64_TO_32_BIT_CONVERSION = YES;
				GCC_WARN_ABOUT_RETURN_TYPE = YES_ERROR;
				GCC_WARN_UNDECLARED_SELECTOR = YES;
				GCC_WARN_UNINITIALIZED_AUTOS = YES_AGGRESSIVE;
				GCC_WARN_UNUSED_FUNCTION = YES;
				GCC_WARN_UNUSED_VARIABLE = YES;
				IPHONEOS_DEPLOYMENT_TARGET = 13.2;
				MTL_ENABLE_DEBUG_INFO = NO;
				MTL_FAST_MATH = YES;
				SDKROOT = iphoneos;
				SWIFT_COMPILATION_MODE = wholemodule;
				SWIFT_OPTIMIZATION_LEVEL = "-O";
				VALIDATE_PRODUCT = YES;
			};
			name = Release;
		};
		7FCAE1C42401A435003918AB /* Debug */ = {
			isa = XCBuildConfiguration;
			buildSettings = {
				ASSETCATALOG_COMPILER_APPICON_NAME = AppIcon;
				CODE_SIGN_STYLE = Automatic;
				DEVELOPMENT_ASSET_PATHS = "\"TipCalculatorApp/Preview Content\"";
				DEVELOPMENT_TEAM = FV5F6565U9;
				ENABLE_PREVIEWS = YES;
				INFOPLIST_FILE = TipCalculatorApp/Info.plist;
				LD_RUNPATH_SEARCH_PATHS = (
					"$(inherited)",
					"@executable_path/Frameworks",
				);
				PRODUCT_BUNDLE_IDENTIFIER = cc.isctorres.TipCalculatorApp;
				PRODUCT_NAME = "$(TARGET_NAME)";
				SWIFT_VERSION = 5.0;
				TARGETED_DEVICE_FAMILY = "1,2";
			};
			name = Debug;
		};
		7FCAE1C52401A435003918AB /* Release */ = {
			isa = XCBuildConfiguration;
			buildSettings = {
				ASSETCATALOG_COMPILER_APPICON_NAME = AppIcon;
				CODE_SIGN_STYLE = Automatic;
				DEVELOPMENT_ASSET_PATHS = "\"TipCalculatorApp/Preview Content\"";
				DEVELOPMENT_TEAM = FV5F6565U9;
				ENABLE_PREVIEWS = YES;
				INFOPLIST_FILE = TipCalculatorApp/Info.plist;
				LD_RUNPATH_SEARCH_PATHS = (
					"$(inherited)",
					"@executable_path/Frameworks",
				);
				PRODUCT_BUNDLE_IDENTIFIER = cc.isctorres.TipCalculatorApp;
				PRODUCT_NAME = "$(TARGET_NAME)";
				SWIFT_VERSION = 5.0;
				TARGETED_DEVICE_FAMILY = "1,2";
			};
			name = Release;
		};
/* End XCBuildConfiguration section */

/* Begin XCConfigurationList section */
		7FCAE1AA2401A432003918AB /* Build configuration list for PBXProject "TipCalculatorApp" */ = {
			isa = XCConfigurationList;
			buildConfigurations = (
				7FCAE1C12401A435003918AB /* Debug */,
				7FCAE1C22401A435003918AB /* Release */,
			);
			defaultConfigurationIsVisible = 0;
			defaultConfigurationName = Release;
		};
		7FCAE1C32401A435003918AB /* Build configuration list for PBXNativeTarget "TipCalculatorApp" */ = {
			isa = XCConfigurationList;
			buildConfigurations = (
				7FCAE1C42401A435003918AB /* Debug */,
				7FCAE1C52401A435003918AB /* Release */,
			);
			defaultConfigurationIsVisible = 0;
			defaultConfigurationName = Release;
		};
/* End XCConfigurationList section */
	};
	rootObject = 7FCAE1A72401A432003918AB /* Project object */;
}
